
Microsoft Visual Studio Solution File, Format Version 12.00
# Visual Studio Version 17
VisualStudioVersion = 17.5.33414.496
MinimumVisualStudioVersion = 10.0.40219.1
Project("{9A19103F-16F7-4668-BE54-9A1E7A4F7556}") = "ConsoleApp1", "ConsoleApp1\ConsoleApp1.csproj", "{13AA70D2-087E-47DE-BCED-A588A454B1CE}"
EndProject
Project("{FAE04EC0-301F-11D3-BF4B-00C04F79EFBC}") = "TestProject1", "TestProject1\TestProject1.csproj", "{C0932097-632E-4395-8C42-C96FD97BE486}"
	ProjectSection(ProjectDependencies) = postProject
		{13AA70D2-087E-47DE-BCED-A588A454B1CE} = {13AA70D2-087E-47DE-BCED-A588A454B1CE}
	EndProjectSection
EndProject
Global
	GlobalSection(SolutionConfigurationPlatforms) = preSolution
		Debug|Any CPU = Debug|Any CPU
		Release|Any CPU = Release|Any CPU
	EndGlobalSection
	GlobalSection(ProjectConfigurationPlatforms) = postSolution
		{13AA70D2-087E-47DE-BCED-A588A454B1CE}.Debug|Any CPU.ActiveCfg = Debug|Any CPU
		{13AA70D2-087E-47DE-BCED-A588A454B1CE}.Debug|Any CPU.Build.0 = Debug|Any CPU
		{13AA70D2-087E-47DE-BCED-A588A454B1CE}.Release|Any CPU.ActiveCfg = Release|Any CPU
		{13AA70D2-087E-47DE-BCED-A588A454B1CE}.Release|Any CPU.Build.0 = Release|Any CPU
		{C0932097-632E-4395-8C42-C96FD97BE486}.Debug|Any CPU.ActiveCfg = Debug|Any CPU
		{C0932097-632E-4395-8C42-C96FD97BE486}.Debug|Any CPU.Build.0 = Debug|Any CPU
		{C0932097-632E-4395-8C42-C96FD97BE486}.Release|Any CPU.ActiveCfg = Release|Any CPU
		{C0932097-632E-4395-8C42-C96FD97BE486}.Release|Any CPU.Build.0 = Release|Any CPU
	EndGlobalSection
	GlobalSection(SolutionProperties) = preSolution
		HideSolutionNode = FALSE
	EndGlobalSection
	GlobalSection(ExtensibilityGlobals) = postSolution
		SolutionGuid = {3C45FC62-7888-4883-A679-35B7417E505E}
	EndGlobalSection
EndGlobal
